
Microsoft Visual Studio Solution File, Format Version 12.00
# Visual Studio Version 17
VisualStudioVersion = 17.7.34031.279
MinimumVisualStudioVersion = 10.0.40219.1
Project("{FAE04EC0-301F-11D3-BF4B-00C04F79EFBC}") = "LibraryManagementSystem", "LibraryManagementSystem.csproj", "{EC23FA9B-52A3-40E1-9B79-60129FAA4904}"
EndProject
Global
	GlobalSection(SolutionConfigurationPlatforms) = preSolution
		Debug|Any CPU = Debug|Any CPU
		Release|Any CPU = Release|Any CPU
	EndGlobalSection
	GlobalSection(ProjectConfigurationPlatforms) = postSolution
		{EC23FA9B-52A3-40E1-9B79-60129FAA4904}.Debug|Any CPU.ActiveCfg = Debug|Any CPU
		{EC23FA9B-52A3-40E1-9B79-60129FAA4904}.Debug|Any CPU.Build.0 = Debug|Any CPU
		{EC23FA9B-52A3-40E1-9B79-60129FAA4904}.Release|Any CPU.ActiveCfg = Release|Any CPU
		{EC23FA9B-52A3-40E1-9B79-60129FAA4904}.Release|Any CPU.Build.0 = Release|Any CPU
	EndGlobalSection
	GlobalSection(SolutionProperties) = preSolution
		HideSolutionNode = FALSE
	EndGlobalSection
	GlobalSection(ExtensibilityGlobals) = postSolution
		SolutionGuid = {AA3C6556-4B7B-4F8B-B9D0-35E25E61AB47}
	EndGlobalSection
EndGlobal
